
Microsoft Visual Studio Solution File, Format Version 12.00
# Visual Studio Version 16
VisualStudioVersion = 16.0.31129.286
MinimumVisualStudioVersion = 10.0.40219.1
Project("{FAE04EC0-301F-11D3-BF4B-00C04F79EFBC}") = "StringCalculator", "StringCalculator\StringCalculator.csproj", "{50B258C3-C01E-468C-BEE5-65F8F3DA2C9A}"
EndProject
Project("{FAE04EC0-301F-11D3-BF4B-00C04F79EFBC}") = "StringCalculatorTests", "StringCalculatorTests\StringCalculatorTests.csproj", "{082B113D-184F-4BC0-9ECF-8CEA8EFF39AD}"
EndProject
Global
	GlobalSection(SolutionConfigurationPlatforms) = preSolution
		Debug|Any CPU = Debug|Any CPU
		Release|Any CPU = Release|Any CPU
	EndGlobalSection
	GlobalSection(ProjectConfigurationPlatforms) = postSolution
		{50B258C3-C01E-468C-BEE5-65F8F3DA2C9A}.Debug|Any CPU.ActiveCfg = Debug|Any CPU
		{50B258C3-C01E-468C-BEE5-65F8F3DA2C9A}.Debug|Any CPU.Build.0 = Debug|Any CPU
		{50B258C3-C01E-468C-BEE5-65F8F3DA2C9A}.Release|Any CPU.ActiveCfg = Release|Any CPU
		{50B258C3-C01E-468C-BEE5-65F8F3DA2C9A}.Release|Any CPU.Build.0 = Release|Any CPU
		{082B113D-184F-4BC0-9ECF-8CEA8EFF39AD}.Debug|Any CPU.ActiveCfg = Debug|Any CPU
		{082B113D-184F-4BC0-9ECF-8CEA8EFF39AD}.Debug|Any CPU.Build.0 = Debug|Any CPU
		{082B113D-184F-4BC0-9ECF-8CEA8EFF39AD}.Release|Any CPU.ActiveCfg = Release|Any CPU
		{082B113D-184F-4BC0-9ECF-8CEA8EFF39AD}.Release|Any CPU.Build.0 = Release|Any CPU
	EndGlobalSection
	GlobalSection(SolutionProperties) = preSolution
		HideSolutionNode = FALSE
	EndGlobalSection
	GlobalSection(ExtensibilityGlobals) = postSolution
		SolutionGuid = {D0A8CBD9-9A58-41B2-8908-F4BAC5DFEC02}
	EndGlobalSection
EndGlobal
